{
  "originHash" : "f3b1f5913f6d994e120db0f9f640b2ba640a5171bdd35bde165f93a12f4814b1",
  "pins" : [
    {
      "identity" : "fountain",
      "kind" : "remoteSourceControl",
      "location" : "https://github.com/managoat/fountain.git",
      "state" : {
        "branch" : "main",
        "revision" : "58e3d4d312a6b049a24153090d95b1b8d5e00118"
      }
    }
  ],
  "version" : 3
}
