{
  "originHash" : "1b61175ba1a60f0081607dd0163d82c521b5c2788dac6d0d0d77994b3a4ed843",
  "pins" : [
    {
      "identity" : "fountain",
      "kind" : "remoteSourceControl",
      "location" : "https://github.com/BinaryBourbon/fountain.git",
      "state" : {
        "branch" : "main",
        "revision" : "58e3d4d312a6b049a24153090d95b1b8d5e00118"
      }
    }
  ],
  "version" : 3
}
