{
  "originHash" : "4243f9e01d0fce0fda85760e19a6b75a8b7e8dc1cc11e70194a1dcba126f3840",
  "pins" : [
    {
      "identity" : "fountain",
      "kind" : "remoteSourceControl",
      "location" : "https://github.com/BinaryBourbon/fountain.git",
      "state" : {
        "branch" : "sdk/swift-typed-client",
        "revision" : "3e7dee63f46a9f3cfdcf6bd97b1d20352d6b2bc5"
      }
    }
  ],
  "version" : 3
}
